
Microsoft Visual Studio Solution File, Format Version 12.00
# Visual Studio 14
VisualStudioVersion = 14.0.25420.1
MinimumVisualStudioVersion = 10.0.40219.1
Project("{FAE04EC0-301F-11D3-BF4B-00C04F79EFBC}") = "uniPark", "uniPark\uniPark.csproj", "{38C63E27-E6E6-49C7-8FC9-E9617848FD72}"
EndProject
Project("{FAE04EC0-301F-11D3-BF4B-00C04F79EFBC}") = "uniPark-DAL", "uniPark-DAL\uniPark-DAL.csproj", "{CC5E907B-BDBC-45B5-9230-B80FF0CD3BD6}"
EndProject
Project("{FAE04EC0-301F-11D3-BF4B-00C04F79EFBC}") = "TypeLib", "TypeLib\TypeLib.csproj", "{4376076E-4971-4DE6-8912-7D0821B462F7}"
EndProject
Project("{FAE04EC0-301F-11D3-BF4B-00C04F79EFBC}") = "uniPark-BLL", "uniPark-BLL\uniPark-BLL.csproj", "{260E8D97-04BD-4ACE-BBB5-D9B0FB83269B}"
EndProject
Global
	GlobalSection(SolutionConfigurationPlatforms) = preSolution
		Debug|Any CPU = Debug|Any CPU
		Release|Any CPU = Release|Any CPU
	EndGlobalSection
	GlobalSection(ProjectConfigurationPlatforms) = postSolution
		{38C63E27-E6E6-49C7-8FC9-E9617848FD72}.Debug|Any CPU.ActiveCfg = Debug|Any CPU
		{38C63E27-E6E6-49C7-8FC9-E9617848FD72}.Debug|Any CPU.Build.0 = Debug|Any CPU
		{38C63E27-E6E6-49C7-8FC9-E9617848FD72}.Release|Any CPU.ActiveCfg = Release|Any CPU
		{38C63E27-E6E6-49C7-8FC9-E9617848FD72}.Release|Any CPU.Build.0 = Release|Any CPU
		{CC5E907B-BDBC-45B5-9230-B80FF0CD3BD6}.Debug|Any CPU.ActiveCfg = Debug|Any CPU
		{CC5E907B-BDBC-45B5-9230-B80FF0CD3BD6}.Debug|Any CPU.Build.0 = Debug|Any CPU
		{CC5E907B-BDBC-45B5-9230-B80FF0CD3BD6}.Release|Any CPU.ActiveCfg = Release|Any CPU
		{CC5E907B-BDBC-45B5-9230-B80FF0CD3BD6}.Release|Any CPU.Build.0 = Release|Any CPU
		{4376076E-4971-4DE6-8912-7D0821B462F7}.Debug|Any CPU.ActiveCfg = Debug|Any CPU
		{4376076E-4971-4DE6-8912-7D0821B462F7}.Debug|Any CPU.Build.0 = Debug|Any CPU
		{4376076E-4971-4DE6-8912-7D0821B462F7}.Release|Any CPU.ActiveCfg = Release|Any CPU
		{4376076E-4971-4DE6-8912-7D0821B462F7}.Release|Any CPU.Build.0 = Release|Any CPU
		{260E8D97-04BD-4ACE-BBB5-D9B0FB83269B}.Debug|Any CPU.ActiveCfg = Debug|Any CPU
		{260E8D97-04BD-4ACE-BBB5-D9B0FB83269B}.Debug|Any CPU.Build.0 = Debug|Any CPU
		{260E8D97-04BD-4ACE-BBB5-D9B0FB83269B}.Release|Any CPU.ActiveCfg = Release|Any CPU
		{260E8D97-04BD-4ACE-BBB5-D9B0FB83269B}.Release|Any CPU.Build.0 = Release|Any CPU
	EndGlobalSection
	GlobalSection(SolutionProperties) = preSolution
		HideSolutionNode = FALSE
	EndGlobalSection
EndGlobal
